<?xml version="1.0" encoding="utf-8"?>
<Project ToolsVersion="4.0" xmlns="http://schemas.microsoft.com/developer/msbuild/2003">
  <ItemGroup>
    <Filter Include="Source">
      <UniqueIdentifier>{63dbe364-ce04-4db6-9e4b-4e02232b2e83}</UniqueIdentifier>
    </Filter>
    <Filter Include="Props">
      <UniqueIdentifier>{aa77e2f9-849e-4b82-a332-d34e84d6fa14}</UniqueIdentifier>
    </Filter>
  </ItemGroup>
  <ItemGroup>
    <None Include="Props\UnitTest.props">
      <Filter>Props</Filter>
    </None>
  </ItemGroup>
  <ItemGroup>
    <ClCompile Include="Source\Main.cpp">
      <Filter>Source</Filter>
    </ClCompile>
  </ItemGroup>
  <ItemGroup>
    <ClInclude Include="Source\Main.h">
      <Filter>Source</Filter>
    </ClInclude>
  </ItemGroup>
</Project>